
Microsoft Visual Studio Solution File, Format Version 12.00
# Visual Studio 15
Project("{FAE04EC0-301F-11D3-BF4B-00C04F79EFBC}") = "ReservationSystem", "ReservationSystem\ReservationSystem.csproj", "{BD97BF8A-02B2-4B79-9D8F-4875CACE56EC}"
EndProject
Global
	GlobalSection(SolutionConfigurationPlatforms) = preSolution
		Debug|Any CPU = Debug|Any CPU
		Release|Any CPU = Release|Any CPU
	EndGlobalSection
	GlobalSection(ProjectConfigurationPlatforms) = postSolution
		{BD97BF8A-02B2-4B79-9D8F-4875CACE56EC}.Debug|Any CPU.ActiveCfg = Debug|Any CPU
		{BD97BF8A-02B2-4B79-9D8F-4875CACE56EC}.Debug|Any CPU.Build.0 = Debug|Any CPU
		{BD97BF8A-02B2-4B79-9D8F-4875CACE56EC}.Release|Any CPU.ActiveCfg = Release|Any CPU
		{BD97BF8A-02B2-4B79-9D8F-4875CACE56EC}.Release|Any CPU.Build.0 = Release|Any CPU
	EndGlobalSection
EndGlobal
